// !$*UTF8*$!
{
	archiveVersion = 1;
	classes = {
	};
	objectVersion = 50;
	objects = {

/* Begin PBXBuildFile section */
		654663BC21E6315A00C082B7 /* Semester.swift in Sources */ = {isa = PBXBuildFile; fileRef = 654663BB21E6315A00C082B7 /* Semester.swift */; };
		654663BE21E6323E00C082B7 /* BrowseSemesterVC.swift in Sources */ = {isa = PBXBuildFile; fileRef = 654663BD21E6323E00C082B7 /* BrowseSemesterVC.swift */; };
		655EB52A21EB6B3600FA33E4 /* Gradient.swift in Sources */ = {isa = PBXBuildFile; fileRef = 655EB52921EB6B3600FA33E4 /* Gradient.swift */; };
		6599A93321E76A4B00EB9427 /* EmptyCell.swift in Sources */ = {isa = PBXBuildFile; fileRef = 6599A93221E76A4B00EB9427 /* EmptyCell.swift */; };
		6599A93521E774E700EB9427 /* AddSemesterVC.swift in Sources */ = {isa = PBXBuildFile; fileRef = 6599A93421E774E700EB9427 /* AddSemesterVC.swift */; };
		65A7045B21EE5E610095A1F4 /* AddCourseVC.swift in Sources */ = {isa = PBXBuildFile; fileRef = 65A7045A21EE5E610095A1F4 /* AddCourseVC.swift */; };
		65C8BD9921E6446300E8B897 /* DataService.swift in Sources */ = {isa = PBXBuildFile; fileRef = 65C8BD9821E6446300E8B897 /* DataService.swift */; };
		65D5DB2321E628DF00707E90 /* FooterView.swift in Sources */ = {isa = PBXBuildFile; fileRef = 65D5DB2221E628DF00707E90 /* FooterView.swift */; };
		65DAB50821ED1152004AFA04 /* EmptyCourseCell.swift in Sources */ = {isa = PBXBuildFile; fileRef = 65DAB50721ED1152004AFA04 /* EmptyCourseCell.swift */; };
		65DAB50A21ED125D004AFA04 /* KeyboardHider.swift in Sources */ = {isa = PBXBuildFile; fileRef = 65DAB50921ED125D004AFA04 /* KeyboardHider.swift */; };
		65DF3A6A21E5F97800392B77 /* AppDelegate.swift in Sources */ = {isa = PBXBuildFile; fileRef = 65DF3A6921E5F97800392B77 /* AppDelegate.swift */; };
		65DF3A6C21E5F97800392B77 /* MainVC.swift in Sources */ = {isa = PBXBuildFile; fileRef = 65DF3A6B21E5F97800392B77 /* MainVC.swift */; };
		65DF3A6F21E5F97800392B77 /* Main.storyboard in Resources */ = {isa = PBXBuildFile; fileRef = 65DF3A6D21E5F97800392B77 /* Main.storyboard */; };
		65DF3A7121E5F97A00392B77 /* Assets.xcassets in Resources */ = {isa = PBXBuildFile; fileRef = 65DF3A7021E5F97A00392B77 /* Assets.xcassets */; };
		65DF3A7421E5F97A00392B77 /* LaunchScreen.storyboard in Resources */ = {isa = PBXBuildFile; fileRef = 65DF3A7221E5F97A00392B77 /* LaunchScreen.storyboard */; };
		65DF3A7F21E609F200392B77 /* SemesterCell.swift in Sources */ = {isa = PBXBuildFile; fileRef = 65DF3A7E21E609F200392B77 /* SemesterCell.swift */; };
/* End PBXBuildFile section */

/* Begin PBXFileReference section */
		654663BB21E6315A00C082B7 /* Semester.swift */ = {isa = PBXFileReference; lastKnownFileType = sourcecode.swift; path = Semester.swift; sourceTree = "<group>"; };
		654663BD21E6323E00C082B7 /* BrowseSemesterVC.swift */ = {isa = PBXFileReference; lastKnownFileType = sourcecode.swift; path = BrowseSemesterVC.swift; sourceTree = "<group>"; };
		655EB52921EB6B3600FA33E4 /* Gradient.swift */ = {isa = PBXFileReference; lastKnownFileType = sourcecode.swift; path = Gradient.swift; sourceTree = "<group>"; };
		6599A93221E76A4B00EB9427 /* EmptyCell.swift */ = {isa = PBXFileReference; lastKnownFileType = sourcecode.swift; path = EmptyCell.swift; sourceTree = "<group>"; };
		6599A93421E774E700EB9427 /* AddSemesterVC.swift */ = {isa = PBXFileReference; lastKnownFileType = sourcecode.swift; path = AddSemesterVC.swift; sourceTree = "<group>"; };
		65A7045A21EE5E610095A1F4 /* AddCourseVC.swift */ = {isa = PBXFileReference; lastKnownFileType = sourcecode.swift; path = AddCourseVC.swift; sourceTree = "<group>"; };
		65C8BD9821E6446300E8B897 /* DataService.swift */ = {isa = PBXFileReference; lastKnownFileType = sourcecode.swift; path = DataService.swift; sourceTree = "<group>"; };
		65D5DB2221E628DF00707E90 /* FooterView.swift */ = {isa = PBXFileReference; lastKnownFileType = sourcecode.swift; path = FooterView.swift; sourceTree = "<group>"; };
		65DAB50721ED1152004AFA04 /* EmptyCourseCell.swift */ = {isa = PBXFileReference; lastKnownFileType = sourcecode.swift; path = EmptyCourseCell.swift; sourceTree = "<group>"; };
		65DAB50921ED125D004AFA04 /* KeyboardHider.swift */ = {isa = PBXFileReference; lastKnownFileType = sourcecode.swift; path = KeyboardHider.swift; sourceTree = "<group>"; };
		65DF3A6621E5F97800392B77 /* myGPA.app */ = {isa = PBXFileReference; explicitFileType = wrapper.application; includeInIndex = 0; path = myGPA.app; sourceTree = BUILT_PRODUCTS_DIR; };
		65DF3A6921E5F97800392B77 /* AppDelegate.swift */ = {isa = PBXFileReference; lastKnownFileType = sourcecode.swift; path = AppDelegate.swift; sourceTree = "<group>"; };
		65DF3A6B21E5F97800392B77 /* MainVC.swift */ = {isa = PBXFileReference; lastKnownFileType = sourcecode.swift; path = MainVC.swift; sourceTree = "<group>"; };
		65DF3A6E21E5F97800392B77 /* Base */ = {isa = PBXFileReference; lastKnownFileType = file.storyboard; name = Base; path = Base.lproj/Main.storyboard; sourceTree = "<group>"; };
		65DF3A7021E5F97A00392B77 /* Assets.xcassets */ = {isa = PBXFileReference; lastKnownFileType = folder.assetcatalog; path = Assets.xcassets; sourceTree = "<group>"; };
		65DF3A7321E5F97A00392B77 /* Base */ = {isa = PBXFileReference; lastKnownFileType = file.storyboard; name = Base; path = Base.lproj/LaunchScreen.storyboard; sourceTree = "<group>"; };
		65DF3A7521E5F97A00392B77 /* Info.plist */ = {isa = PBXFileReference; lastKnownFileType = text.plist.xml; path = Info.plist; sourceTree = "<group>"; };
		65DF3A7E21E609F200392B77 /* SemesterCell.swift */ = {isa = PBXFileReference; lastKnownFileType = sourcecode.swift; path = SemesterCell.swift; sourceTree = "<group>"; };
/* End PBXFileReference section */

/* Begin PBXFrameworksBuildPhase section */
		65DF3A6321E5F97800392B77 /* Frameworks */ = {
			isa = PBXFrameworksBuildPhase;
			buildActionMask = 2147483647;
			files = (
			);
			runOnlyForDeploymentPostprocessing = 0;
		};
/* End PBXFrameworksBuildPhase section */

/* Begin PBXGroup section */
		655EB52B21EB6D2F00FA33E4 /* Extensions */ = {
			isa = PBXGroup;
			children = (
				655EB52921EB6B3600FA33E4 /* Gradient.swift */,
				65DAB50921ED125D004AFA04 /* KeyboardHider.swift */,
			);
			path = Extensions;
			sourceTree = "<group>";
		};
		65C8BD9721E6445300E8B897 /* Services */ = {
			isa = PBXGroup;
			children = (
				65C8BD9821E6446300E8B897 /* DataService.swift */,
			);
			path = Services;
			sourceTree = "<group>";
		};
		65DF3A5D21E5F97800392B77 = {
			isa = PBXGroup;
			children = (
				65DF3A6821E5F97800392B77 /* myGPA */,
				65DF3A6721E5F97800392B77 /* Products */,
			);
			sourceTree = "<group>";
		};
		65DF3A6721E5F97800392B77 /* Products */ = {
			isa = PBXGroup;
			children = (
				65DF3A6621E5F97800392B77 /* myGPA.app */,
			);
			name = Products;
			sourceTree = "<group>";
		};
		65DF3A6821E5F97800392B77 /* myGPA */ = {
			isa = PBXGroup;
			children = (
				655EB52B21EB6D2F00FA33E4 /* Extensions */,
				65C8BD9721E6445300E8B897 /* Services */,
				65DF3A7D21E6081400392B77 /* Model */,
				65DF3A7C21E6080F00392B77 /* View */,
				65DF3A7B21E6080400392B77 /* Controller */,
				65DF3A6921E5F97800392B77 /* AppDelegate.swift */,
				65DF3A6D21E5F97800392B77 /* Main.storyboard */,
				65DF3A7021E5F97A00392B77 /* Assets.xcassets */,
				65DF3A7221E5F97A00392B77 /* LaunchScreen.storyboard */,
				65DF3A7521E5F97A00392B77 /* Info.plist */,
			);
			path = myGPA;
			sourceTree = "<group>";
		};
		65DF3A7B21E6080400392B77 /* Controller */ = {
			isa = PBXGroup;
			children = (
				65DF3A6B21E5F97800392B77 /* MainVC.swift */,
				654663BD21E6323E00C082B7 /* BrowseSemesterVC.swift */,
				6599A93421E774E700EB9427 /* AddSemesterVC.swift */,
				65A7045A21EE5E610095A1F4 /* AddCourseVC.swift */,
			);
			path = Controller;
			sourceTree = "<group>";
		};
		65DF3A7C21E6080F00392B77 /* View */ = {
			isa = PBXGroup;
			children = (
				65DF3A7E21E609F200392B77 /* SemesterCell.swift */,
				65D5DB2221E628DF00707E90 /* FooterView.swift */,
				6599A93221E76A4B00EB9427 /* EmptyCell.swift */,
				65DAB50721ED1152004AFA04 /* EmptyCourseCell.swift */,
			);
			path = View;
			sourceTree = "<group>";
		};
		65DF3A7D21E6081400392B77 /* Model */ = {
			isa = PBXGroup;
			children = (
				654663BB21E6315A00C082B7 /* Semester.swift */,
			);
			path = Model;
			sourceTree = "<group>";
		};
/* End PBXGroup section */

/* Begin PBXNativeTarget section */
		65DF3A6521E5F97800392B77 /* myGPA */ = {
			isa = PBXNativeTarget;
			buildConfigurationList = 65DF3A7821E5F97A00392B77 /* Build configuration list for PBXNativeTarget "myGPA" */;
			buildPhases = (
				65DF3A6221E5F97800392B77 /* Sources */,
				65DF3A6321E5F97800392B77 /* Frameworks */,
				65DF3A6421E5F97800392B77 /* Resources */,
			);
			buildRules = (
			);
			dependencies = (
			);
			name = myGPA;
			productName = myGPA;
			productReference = 65DF3A6621E5F97800392B77 /* myGPA.app */;
			productType = "com.apple.product-type.application";
		};
/* End PBXNativeTarget section */

/* Begin PBXProject section */
		65DF3A5E21E5F97800392B77 /* Project object */ = {
			isa = PBXProject;
			attributes = {
				LastSwiftUpdateCheck = 1010;
				LastUpgradeCheck = 1010;
				ORGANIZATIONNAME = "Tarlan Ismayilsoy";
				TargetAttributes = {
					65DF3A6521E5F97800392B77 = {
						CreatedOnToolsVersion = 10.1;
						LastSwiftMigration = 1020;
					};
				};
			};
			buildConfigurationList = 65DF3A6121E5F97800392B77 /* Build configuration list for PBXProject "myGPA" */;
			compatibilityVersion = "Xcode 9.3";
			developmentRegion = en;
			hasScannedForEncodings = 0;
			knownRegions = (
				en,
				Base,
			);
			mainGroup = 65DF3A5D21E5F97800392B77;
			productRefGroup = 65DF3A6721E5F97800392B77 /* Products */;
			projectDirPath = "";
			projectRoot = "";
			targets = (
				65DF3A6521E5F97800392B77 /* myGPA */,
			);
		};
/* End PBXProject section */

/* Begin PBXResourcesBuildPhase section */
		65DF3A6421E5F97800392B77 /* Resources */ = {
			isa = PBXResourcesBuildPhase;
			buildActionMask = 2147483647;
			files = (
				65DF3A7421E5F97A00392B77 /* LaunchScreen.storyboard in Resources */,
				65DF3A7121E5F97A00392B77 /* Assets.xcassets in Resources */,
				65DF3A6F21E5F97800392B77 /* Main.storyboard in Resources */,
			);
			runOnlyForDeploymentPostprocessing = 0;
		};
/* End PBXResourcesBuildPhase section */

/* Begin PBXSourcesBuildPhase section */
		65DF3A6221E5F97800392B77 /* Sources */ = {
			isa = PBXSourcesBuildPhase;
			buildActionMask = 2147483647;
			files = (
				65A7045B21EE5E610095A1F4 /* AddCourseVC.swift in Sources */,
				65DF3A6C21E5F97800392B77 /* MainVC.swift in Sources */,
				6599A93521E774E700EB9427 /* AddSemesterVC.swift in Sources */,
				6599A93321E76A4B00EB9427 /* EmptyCell.swift in Sources */,
				65DAB50A21ED125D004AFA04 /* KeyboardHider.swift in Sources */,
				65C8BD9921E6446300E8B897 /* DataService.swift in Sources */,
				65D5DB2321E628DF00707E90 /* FooterView.swift in Sources */,
				655EB52A21EB6B3600FA33E4 /* Gradient.swift in Sources */,
				65DF3A6A21E5F97800392B77 /* AppDelegate.swift in Sources */,
				654663BC21E6315A00C082B7 /* Semester.swift in Sources */,
				654663BE21E6323E00C082B7 /* BrowseSemesterVC.swift in Sources */,
				65DF3A7F21E609F200392B77 /* SemesterCell.swift in Sources */,
				65DAB50821ED1152004AFA04 /* EmptyCourseCell.swift in Sources */,
			);
			runOnlyForDeploymentPostprocessing = 0;
		};
/* End PBXSourcesBuildPhase section */

/* Begin PBXVariantGroup section */
		65DF3A6D21E5F97800392B77 /* Main.storyboard */ = {
			isa = PBXVariantGroup;
			children = (
				65DF3A6E21E5F97800392B77 /* Base */,
			);
			name = Main.storyboard;
			sourceTree = "<group>";
		};
		65DF3A7221E5F97A00392B77 /* LaunchScreen.storyboard */ = {
			isa = PBXVariantGroup;
			children = (
				65DF3A7321E5F97A00392B77 /* Base */,
			);
			name = LaunchScreen.storyboard;
			sourceTree = "<group>";
		};
/* End PBXVariantGroup section */

/* Begin XCBuildConfiguration section */
		65DF3A7621E5F97A00392B77 /* Debug */ = {
			isa = XCBuildConfiguration;
			buildSettings = {
				ALWAYS_SEARCH_USER_PATHS = NO;
				CLANG_ANALYZER_NONNULL = YES;
				CLANG_ANALYZER_NUMBER_OBJECT_CONVERSION = YES_AGGRESSIVE;
				CLANG_CXX_LANGUAGE_STANDARD = "gnu++14";
				CLANG_CXX_LIBRARY = "libc++";
				CLANG_ENABLE_MODULES = YES;
				CLANG_ENABLE_OBJC_ARC = YES;
				CLANG_ENABLE_OBJC_WEAK = YES;
				CLANG_WARN_BLOCK_CAPTURE_AUTORELEASING = YES;
				CLANG_WARN_BOOL_CONVERSION = YES;
				CLANG_WARN_COMMA = YES;
				CLANG_WARN_CONSTANT_CONVERSION = YES;
				CLANG_WARN_DEPRECATED_OBJC_IMPLEMENTATIONS = YES;
				CLANG_WARN_DIRECT_OBJC_ISA_USAGE = YES_ERROR;
				CLANG_WARN_DOCUMENTATION_COMMENTS = YES;
				CLANG_WARN_EMPTY_BODY = YES;
				CLANG_WARN_ENUM_CONVERSION = YES;
				CLANG_WARN_INFINITE_RECURSION = YES;
				CLANG_WARN_INT_CONVERSION = YES;
				CLANG_WARN_NON_LITERAL_NULL_CONVERSION = YES;
				CLANG_WARN_OBJC_IMPLICIT_RETAIN_SELF = YES;
				CLANG_WARN_OBJC_LITERAL_CONVERSION = YES;
				CLANG_WARN_OBJC_ROOT_CLASS = YES_ERROR;
				CLANG_WARN_RANGE_LOOP_ANALYSIS = YES;
				CLANG_WARN_STRICT_PROTOTYPES = YES;
				CLANG_WARN_SUSPICIOUS_MOVE = YES;
				CLANG_WARN_UNGUARDED_AVAILABILITY = YES_AGGRESSIVE;
				CLANG_WARN_UNREACHABLE_CODE = YES;
				CLANG_WARN__DUPLICATE_METHOD_MATCH = YES;
				CODE_SIGN_IDENTITY = "iPhone Developer";
				COPY_PHASE_STRIP = NO;
				DEBUG_INFORMATION_FORMAT = dwarf;
				ENABLE_STRICT_OBJC_MSGSEND = YES;
				ENABLE_TESTABILITY = YES;
				GCC_C_LANGUAGE_STANDARD = gnu11;
				GCC_DYNAMIC_NO_PIC = NO;
				GCC_NO_COMMON_BLOCKS = YES;
				GCC_OPTIMIZATION_LEVEL = 0;
				GCC_PREPROCESSOR_DEFINITIONS = (
					"DEBUG=1",
					"$(inherited)",
				);
				GCC_WARN_64_TO_32_BIT_CONVERSION = YES;
				GCC_WARN_ABOUT_RETURN_TYPE = YES_ERROR;
				GCC_WARN_UNDECLARED_SELECTOR = YES;
				GCC_WARN_UNINITIALIZED_AUTOS = YES_AGGRESSIVE;
				GCC_WARN_UNUSED_FUNCTION = YES;
				GCC_WARN_UNUSED_VARIABLE = YES;
				IPHONEOS_DEPLOYMENT_TARGET = 12.1;
				MTL_ENABLE_DEBUG_INFO = INCLUDE_SOURCE;
				MTL_FAST_MATH = YES;
				ONLY_ACTIVE_ARCH = YES;
				SDKROOT = iphoneos;
				SWIFT_ACTIVE_COMPILATION_CONDITIONS = DEBUG;
				SWIFT_OPTIMIZATION_LEVEL = "-Onone";
			};
			name = Debug;
		};
		65DF3A7721E5F97A00392B77 /* Release */ = {
			isa = XCBuildConfiguration;
			buildSettings = {
				ALWAYS_SEARCH_USER_PATHS = NO;
				CLANG_ANALYZER_NONNULL = YES;
				CLANG_ANALYZER_NUMBER_OBJECT_CONVERSION = YES_AGGRESSIVE;
				CLANG_CXX_LANGUAGE_STANDARD = "gnu++14";
				CLANG_CXX_LIBRARY = "libc++";
				CLANG_ENABLE_MODULES = YES;
				CLANG_ENABLE_OBJC_ARC = YES;
				CLANG_ENABLE_OBJC_WEAK = YES;
				CLANG_WARN_BLOCK_CAPTURE_AUTORELEASING = YES;
				CLANG_WARN_BOOL_CONVERSION = YES;
				CLANG_WARN_COMMA = YES;
				CLANG_WARN_CONSTANT_CONVERSION = YES;
				CLANG_WARN_DEPRECATED_OBJC_IMPLEMENTATIONS = YES;
				CLANG_WARN_DIRECT_OBJC_ISA_USAGE = YES_ERROR;
				CLANG_WARN_DOCUMENTATION_COMMENTS = YES;
				CLANG_WARN_EMPTY_BODY = YES;
				CLANG_WARN_ENUM_CONVERSION = YES;
				CLANG_WARN_INFINITE_RECURSION = YES;
				CLANG_WARN_INT_CONVERSION = YES;
				CLANG_WARN_NON_LITERAL_NULL_CONVERSION = YES;
				CLANG_WARN_OBJC_IMPLICIT_RETAIN_SELF = YES;
				CLANG_WARN_OBJC_LITERAL_CONVERSION = YES;
				CLANG_WARN_OBJC_ROOT_CLASS = YES_ERROR;
				CLANG_WARN_RANGE_LOOP_ANALYSIS = YES;
				CLANG_WARN_STRICT_PROTOTYPES = YES;
				CLANG_WARN_SUSPICIOUS_MOVE = YES;
				CLANG_WARN_UNGUARDED_AVAILABILITY = YES_AGGRESSIVE;
				CLANG_WARN_UNREACHABLE_CODE = YES;
				CLANG_WARN__DUPLICATE_METHOD_MATCH = YES;
				CODE_SIGN_IDENTITY = "iPhone Developer";
				COPY_PHASE_STRIP = NO;
				DEBUG_INFORMATION_FORMAT = "dwarf-with-dsym";
				ENABLE_NS_ASSERTIONS = NO;
				ENABLE_STRICT_OBJC_MSGSEND = YES;
				GCC_C_LANGUAGE_STANDARD = gnu11;
				GCC_NO_COMMON_BLOCKS = YES;
				GCC_WARN_64_TO_32_BIT_CONVERSION = YES;
				GCC_WARN_ABOUT_RETURN_TYPE = YES_ERROR;
				GCC_WARN_UNDECLARED_SELECTOR = YES;
				GCC_WARN_UNINITIALIZED_AUTOS = YES_AGGRESSIVE;
				GCC_WARN_UNUSED_FUNCTION = YES;
				GCC_WARN_UNUSED_VARIABLE = YES;
				IPHONEOS_DEPLOYMENT_TARGET = 12.1;
				MTL_ENABLE_DEBUG_INFO = NO;
				MTL_FAST_MATH = YES;
				SDKROOT = iphoneos;
				SWIFT_COMPILATION_MODE = wholemodule;
				SWIFT_OPTIMIZATION_LEVEL = "-O";
				VALIDATE_PRODUCT = YES;
			};
			name = Release;
		};
		65DF3A7921E5F97A00392B77 /* Debug */ = {
			isa = XCBuildConfiguration;
			buildSettings = {
				ASSETCATALOG_COMPILER_APPICON_NAME = AppIcon;
				CODE_SIGN_STYLE = Automatic;
				DEVELOPMENT_TEAM = N422BWS4VH;
				INFOPLIST_FILE = myGPA/Info.plist;
				LD_RUNPATH_SEARCH_PATHS = (
					"$(inherited)",
					"@executable_path/Frameworks",
				);
				PRODUCT_BUNDLE_IDENTIFIER = tarlan.ismayilsoy.myGPA;
				PRODUCT_NAME = "$(TARGET_NAME)";
				SWIFT_VERSION = 5.0;
				TARGETED_DEVICE_FAMILY = "1,2";
			};
			name = Debug;
		};
		65DF3A7A21E5F97A00392B77 /* Release */ = {
			isa = XCBuildConfiguration;
			buildSettings = {
				ASSETCATALOG_COMPILER_APPICON_NAME = AppIcon;
				CODE_SIGN_STYLE = Automatic;
				DEVELOPMENT_TEAM = N422BWS4VH;
				INFOPLIST_FILE = myGPA/Info.plist;
				LD_RUNPATH_SEARCH_PATHS = (
					"$(inherited)",
					"@executable_path/Frameworks",
				);
				PRODUCT_BUNDLE_IDENTIFIER = tarlan.ismayilsoy.myGPA;
				PRODUCT_NAME = "$(TARGET_NAME)";
				SWIFT_VERSION = 5.0;
				TARGETED_DEVICE_FAMILY = "1,2";
			};
			name = Release;
		};
/* End XCBuildConfiguration section */

/* Begin XCConfigurationList section */
		65DF3A6121E5F97800392B77 /* Build configuration list for PBXProject "myGPA" */ = {
			isa = XCConfigurationList;
			buildConfigurations = (
				65DF3A7621E5F97A00392B77 /* Debug */,
				65DF3A7721E5F97A00392B77 /* Release */,
			);
			defaultConfigurationIsVisible = 0;
			defaultConfigurationName = Release;
		};
		65DF3A7821E5F97A00392B77 /* Build configuration list for PBXNativeTarget "myGPA" */ = {
			isa = XCConfigurationList;
			buildConfigurations = (
				65DF3A7921E5F97A00392B77 /* Debug */,
				65DF3A7A21E5F97A00392B77 /* Release */,
			);
			defaultConfigurationIsVisible = 0;
			defaultConfigurationName = Release;
		};
/* End XCConfigurationList section */
	};
	rootObject = 65DF3A5E21E5F97800392B77 /* Project object */;
}
